
Microsoft Visual Studio Solution File, Format Version 12.00
# Visual Studio Version 17
VisualStudioVersion = 17.0.31903.59
MinimumVisualStudioVersion = 10.0.40219.1
Project("{FAE04EC0-301F-11D3-BF4B-00C04F79EFBC}") = "ICT3101_Calculator", "ICT3101_Calculator\ICT3101_Calculator.csproj", "{5D8D5701-3070-4709-9164-D00A2F78C689}"
EndProject
Project("{FAE04EC0-301F-11D3-BF4B-00C04F79EFBC}") = "ICT3101_Calculator.UnitTests", "ICT3101_Calculator.UnitTests\ICT3101_Calculator.UnitTests.csproj", "{5F63C7CE-3C22-4E7E-959D-CD72F613B11E}"
EndProject
Project("{FAE04EC0-301F-11D3-BF4B-00C04F79EFBC}") = "SpecFlowCalculatorTests", "SpecFlowCalculatorTests\SpecFlowCalculatorTests.csproj", "{E65E2459-4003-4CE6-9C0C-FA6B4A5FD8CA}"
EndProject
Global
	GlobalSection(SolutionConfigurationPlatforms) = preSolution
		Debug|Any CPU = Debug|Any CPU
		Release|Any CPU = Release|Any CPU
	EndGlobalSection
	GlobalSection(ProjectConfigurationPlatforms) = postSolution
		{5D8D5701-3070-4709-9164-D00A2F78C689}.Debug|Any CPU.ActiveCfg = Debug|Any CPU
		{5D8D5701-3070-4709-9164-D00A2F78C689}.Debug|Any CPU.Build.0 = Debug|Any CPU
		{5D8D5701-3070-4709-9164-D00A2F78C689}.Release|Any CPU.ActiveCfg = Release|Any CPU
		{5D8D5701-3070-4709-9164-D00A2F78C689}.Release|Any CPU.Build.0 = Release|Any CPU
		{5F63C7CE-3C22-4E7E-959D-CD72F613B11E}.Debug|Any CPU.ActiveCfg = Debug|Any CPU
		{5F63C7CE-3C22-4E7E-959D-CD72F613B11E}.Debug|Any CPU.Build.0 = Debug|Any CPU
		{5F63C7CE-3C22-4E7E-959D-CD72F613B11E}.Release|Any CPU.ActiveCfg = Release|Any CPU
		{5F63C7CE-3C22-4E7E-959D-CD72F613B11E}.Release|Any CPU.Build.0 = Release|Any CPU
		{E65E2459-4003-4CE6-9C0C-FA6B4A5FD8CA}.Debug|Any CPU.ActiveCfg = Debug|Any CPU
		{E65E2459-4003-4CE6-9C0C-FA6B4A5FD8CA}.Debug|Any CPU.Build.0 = Debug|Any CPU
		{E65E2459-4003-4CE6-9C0C-FA6B4A5FD8CA}.Release|Any CPU.ActiveCfg = Release|Any CPU
		{E65E2459-4003-4CE6-9C0C-FA6B4A5FD8CA}.Release|Any CPU.Build.0 = Release|Any CPU
	EndGlobalSection
	GlobalSection(SolutionProperties) = preSolution
		HideSolutionNode = FALSE
	EndGlobalSection
EndGlobal
